// !$*UTF8*$!
{
	archiveVersion = 1;
	classes = {
	};
	objectVersion = 46;
	objects = {

/* Begin PBXBuildFile section */
		32C7064C1F1E63AD00A1C1B6 /* AppDelegate.swift in Sources */ = {isa = PBXBuildFile; fileRef = 32C7064B1F1E63AD00A1C1B6 /* AppDelegate.swift */; };
		32C706531F1E63AD00A1C1B6 /* Assets.xcassets in Resources */ = {isa = PBXBuildFile; fileRef = 32C706521F1E63AD00A1C1B6 /* Assets.xcassets */; };
		32C7065E1F1E672900A1C1B6 /* main.swift in Sources */ = {isa = PBXBuildFile; fileRef = 32C7065D1F1E672900A1C1B6 /* main.swift */; };
		32C7066B1F1E853E00A1C1B6 /* IceCreamSelectorViewController.swift in Sources */ = {isa = PBXBuildFile; fileRef = 32C706691F1E853E00A1C1B6 /* IceCreamSelectorViewController.swift */; };
		32C706711F1E861C00A1C1B6 /* Main.storyboard in Resources */ = {isa = PBXBuildFile; fileRef = 32C706701F1E861C00A1C1B6 /* Main.storyboard */; };
		32C706751F1E862F00A1C1B6 /* Info.plist in Resources */ = {isa = PBXBuildFile; fileRef = 32C706731F1E862F00A1C1B6 /* Info.plist */; };
		32C706761F1E862F00A1C1B6 /* LaunchScreen.storyboard in Resources */ = {isa = PBXBuildFile; fileRef = 32C706741F1E862F00A1C1B6 /* LaunchScreen.storyboard */; };
		32C706781F1E8BC000A1C1B6 /* IceCreamDetailViewController.swift in Sources */ = {isa = PBXBuildFile; fileRef = 32C706771F1E8BC000A1C1B6 /* IceCreamDetailViewController.swift */; };
		32C7067C1F1E8C8400A1C1B6 /* iceCreamStore.swift in Sources */ = {isa = PBXBuildFile; fileRef = 32C7067B1F1E8C8400A1C1B6 /* iceCreamStore.swift */; };
		A7B78066565CC4DA236D8BA6 /* Pods_SweetTooth.framework in Frameworks */ = {isa = PBXBuildFile; fileRef = BDED377036A091EF554A2914 /* Pods_SweetTooth.framework */; };
/* End PBXBuildFile section */

/* Begin PBXFileReference section */
		32C706481F1E63AD00A1C1B6 /* SweetTooth.app */ = {isa = PBXFileReference; explicitFileType = wrapper.application; includeInIndex = 0; path = SweetTooth.app; sourceTree = BUILT_PRODUCTS_DIR; };
		32C7064B1F1E63AD00A1C1B6 /* AppDelegate.swift */ = {isa = PBXFileReference; lastKnownFileType = sourcecode.swift; path = AppDelegate.swift; sourceTree = "<group>"; };
		32C706521F1E63AD00A1C1B6 /* Assets.xcassets */ = {isa = PBXFileReference; lastKnownFileType = folder.assetcatalog; path = Assets.xcassets; sourceTree = "<group>"; };
		32C7065D1F1E672900A1C1B6 /* main.swift */ = {isa = PBXFileReference; fileEncoding = 4; lastKnownFileType = sourcecode.swift; path = main.swift; sourceTree = "<group>"; };
		32C706691F1E853E00A1C1B6 /* IceCreamSelectorViewController.swift */ = {isa = PBXFileReference; fileEncoding = 4; lastKnownFileType = sourcecode.swift; path = IceCreamSelectorViewController.swift; sourceTree = "<group>"; };
		32C706701F1E861C00A1C1B6 /* Main.storyboard */ = {isa = PBXFileReference; fileEncoding = 4; lastKnownFileType = file.storyboard; path = Main.storyboard; sourceTree = "<group>"; };
		32C706731F1E862F00A1C1B6 /* Info.plist */ = {isa = PBXFileReference; fileEncoding = 4; lastKnownFileType = text.plist.xml; path = Info.plist; sourceTree = "<group>"; };
		32C706741F1E862F00A1C1B6 /* LaunchScreen.storyboard */ = {isa = PBXFileReference; fileEncoding = 4; lastKnownFileType = file.storyboard; path = LaunchScreen.storyboard; sourceTree = "<group>"; };
		32C706771F1E8BC000A1C1B6 /* IceCreamDetailViewController.swift */ = {isa = PBXFileReference; fileEncoding = 4; lastKnownFileType = sourcecode.swift; path = IceCreamDetailViewController.swift; sourceTree = "<group>"; };
		32C7067B1F1E8C8400A1C1B6 /* iceCreamStore.swift */ = {isa = PBXFileReference; fileEncoding = 4; lastKnownFileType = sourcecode.swift; path = iceCreamStore.swift; sourceTree = "<group>"; };
		56490869F3BB026329154FB3 /* Pods-SweetTooth.debug.xcconfig */ = {isa = PBXFileReference; includeInIndex = 1; lastKnownFileType = text.xcconfig; name = "Pods-SweetTooth.debug.xcconfig"; path = "Pods/Target Support Files/Pods-SweetTooth/Pods-SweetTooth.debug.xcconfig"; sourceTree = "<group>"; };
		BDED377036A091EF554A2914 /* Pods_SweetTooth.framework */ = {isa = PBXFileReference; explicitFileType = wrapper.framework; includeInIndex = 0; path = Pods_SweetTooth.framework; sourceTree = BUILT_PRODUCTS_DIR; };
		ED6BB0F2942023771CC3D88B /* Pods-SweetTooth.release.xcconfig */ = {isa = PBXFileReference; includeInIndex = 1; lastKnownFileType = text.xcconfig; name = "Pods-SweetTooth.release.xcconfig"; path = "Pods/Target Support Files/Pods-SweetTooth/Pods-SweetTooth.release.xcconfig"; sourceTree = "<group>"; };
/* End PBXFileReference section */

/* Begin PBXFrameworksBuildPhase section */
		32C706451F1E63AD00A1C1B6 /* Frameworks */ = {
			isa = PBXFrameworksBuildPhase;
			buildActionMask = 2147483647;
			files = (
				A7B78066565CC4DA236D8BA6 /* Pods_SweetTooth.framework in Frameworks */,
			);
			runOnlyForDeploymentPostprocessing = 0;
		};
/* End PBXFrameworksBuildPhase section */

/* Begin PBXGroup section */
		1F8BE3F4920112A9FC4807CA /* Pods */ = {
			isa = PBXGroup;
			children = (
				56490869F3BB026329154FB3 /* Pods-SweetTooth.debug.xcconfig */,
				ED6BB0F2942023771CC3D88B /* Pods-SweetTooth.release.xcconfig */,
			);
			name = Pods;
			sourceTree = "<group>";
		};
		32C7063F1F1E63AD00A1C1B6 = {
			isa = PBXGroup;
			children = (
				32C7064A1F1E63AD00A1C1B6 /* SweetTooth */,
				32C706491F1E63AD00A1C1B6 /* Products */,
				1F8BE3F4920112A9FC4807CA /* Pods */,
				D0E120940BC0FDE7C7DE73B2 /* Frameworks */,
			);
			sourceTree = "<group>";
		};
		32C706491F1E63AD00A1C1B6 /* Products */ = {
			isa = PBXGroup;
			children = (
				32C706481F1E63AD00A1C1B6 /* SweetTooth.app */,
			);
			name = Products;
			sourceTree = "<group>";
		};
		32C7064A1F1E63AD00A1C1B6 /* SweetTooth */ = {
			isa = PBXGroup;
			children = (
				32C7064B1F1E63AD00A1C1B6 /* AppDelegate.swift */,
				32C706521F1E63AD00A1C1B6 /* Assets.xcassets */,
				32C7065D1F1E672900A1C1B6 /* main.swift */,
				32C706671F1E853E00A1C1B6 /* Controllers */,
				32C7066F1F1E861C00A1C1B6 /* Storyboards */,
				32C706721F1E862F00A1C1B6 /* Supporting */,
				32C7067A1F1E8C7200A1C1B6 /* Models */,
			);
			path = SweetTooth;
			sourceTree = "<group>";
		};
		32C706671F1E853E00A1C1B6 /* Controllers */ = {
			isa = PBXGroup;
			children = (
				32C706771F1E8BC000A1C1B6 /* IceCreamDetailViewController.swift */,
				32C706691F1E853E00A1C1B6 /* IceCreamSelectorViewController.swift */,
			);
			path = Controllers;
			sourceTree = "<group>";
		};
		32C7066F1F1E861C00A1C1B6 /* Storyboards */ = {
			isa = PBXGroup;
			children = (
				32C706701F1E861C00A1C1B6 /* Main.storyboard */,
			);
			path = Storyboards;
			sourceTree = "<group>";
		};
		32C706721F1E862F00A1C1B6 /* Supporting */ = {
			isa = PBXGroup;
			children = (
				32C706731F1E862F00A1C1B6 /* Info.plist */,
				32C706741F1E862F00A1C1B6 /* LaunchScreen.storyboard */,
			);
			path = Supporting;
			sourceTree = "<group>";
		};
		32C7067A1F1E8C7200A1C1B6 /* Models */ = {
			isa = PBXGroup;
			children = (
				32C7067B1F1E8C8400A1C1B6 /* iceCreamStore.swift */,
			);
			path = Models;
			sourceTree = "<group>";
		};
		D0E120940BC0FDE7C7DE73B2 /* Frameworks */ = {
			isa = PBXGroup;
			children = (
				BDED377036A091EF554A2914 /* Pods_SweetTooth.framework */,
			);
			name = Frameworks;
			sourceTree = "<group>";
		};
/* End PBXGroup section */

/* Begin PBXNativeTarget section */
		32C706471F1E63AD00A1C1B6 /* SweetTooth */ = {
			isa = PBXNativeTarget;
			buildConfigurationList = 32C7065A1F1E63AD00A1C1B6 /* Build configuration list for PBXNativeTarget "SweetTooth" */;
			buildPhases = (
				4BF776AC11AB9AF185281811 /* [CP] Check Pods Manifest.lock */,
				32C706441F1E63AD00A1C1B6 /* Sources */,
				32C706451F1E63AD00A1C1B6 /* Frameworks */,
				32C706461F1E63AD00A1C1B6 /* Resources */,
				E3CE039C4EA9DB1634178B73 /* [CP] Embed Pods Frameworks */,
				E9A14E70B0AF861FD12A0CC9 /* [CP] Copy Pods Resources */,
			);
			buildRules = (
			);
			dependencies = (
			);
			name = SweetTooth;
			productName = SweetTooth;
			productReference = 32C706481F1E63AD00A1C1B6 /* SweetTooth.app */;
			productType = "com.apple.product-type.application";
		};
/* End PBXNativeTarget section */

/* Begin PBXProject section */
		32C706401F1E63AD00A1C1B6 /* Project object */ = {
			isa = PBXProject;
			attributes = {
				LastSwiftUpdateCheck = 0830;
				LastUpgradeCheck = 0830;
				ORGANIZATIONNAME = "Eliott Kim";
				TargetAttributes = {
					32C706471F1E63AD00A1C1B6 = {
						CreatedOnToolsVersion = 8.3.3;
						DevelopmentTeam = HP5TNVW325;
						ProvisioningStyle = Automatic;
					};
				};
			};
			buildConfigurationList = 32C706431F1E63AD00A1C1B6 /* Build configuration list for PBXProject "SweetTooth" */;
			compatibilityVersion = "Xcode 3.2";
			developmentRegion = English;
			hasScannedForEncodings = 0;
			knownRegions = (
				en,
				Base,
			);
			mainGroup = 32C7063F1F1E63AD00A1C1B6;
			productRefGroup = 32C706491F1E63AD00A1C1B6 /* Products */;
			projectDirPath = "";
			projectRoot = "";
			targets = (
				32C706471F1E63AD00A1C1B6 /* SweetTooth */,
			);
		};
/* End PBXProject section */

/* Begin PBXResourcesBuildPhase section */
		32C706461F1E63AD00A1C1B6 /* Resources */ = {
			isa = PBXResourcesBuildPhase;
			buildActionMask = 2147483647;
			files = (
				32C706711F1E861C00A1C1B6 /* Main.storyboard in Resources */,
				32C706761F1E862F00A1C1B6 /* LaunchScreen.storyboard in Resources */,
				32C706531F1E63AD00A1C1B6 /* Assets.xcassets in Resources */,
				32C706751F1E862F00A1C1B6 /* Info.plist in Resources */,
			);
			runOnlyForDeploymentPostprocessing = 0;
		};
/* End PBXResourcesBuildPhase section */

/* Begin PBXShellScriptBuildPhase section */
		4BF776AC11AB9AF185281811 /* [CP] Check Pods Manifest.lock */ = {
			isa = PBXShellScriptBuildPhase;
			buildActionMask = 2147483647;
			files = (
			);
			inputPaths = (
			);
			name = "[CP] Check Pods Manifest.lock";
			outputPaths = (
			);
			runOnlyForDeploymentPostprocessing = 0;
			shellPath = /bin/sh;
			shellScript = "diff \"${PODS_PODFILE_DIR_PATH}/Podfile.lock\" \"${PODS_ROOT}/Manifest.lock\" > /dev/null\nif [ $? != 0 ] ; then\n    # print error to STDERR\n    echo \"error: The sandbox is not in sync with the Podfile.lock. Run 'pod install' or update your CocoaPods installation.\" >&2\n    exit 1\nfi\n";
			showEnvVarsInLog = 0;
		};
		E3CE039C4EA9DB1634178B73 /* [CP] Embed Pods Frameworks */ = {
			isa = PBXShellScriptBuildPhase;
			buildActionMask = 2147483647;
			files = (
			);
			inputPaths = (
			);
			name = "[CP] Embed Pods Frameworks";
			outputPaths = (
			);
			runOnlyForDeploymentPostprocessing = 0;
			shellPath = /bin/sh;
			shellScript = "\"${SRCROOT}/Pods/Target Support Files/Pods-SweetTooth/Pods-SweetTooth-frameworks.sh\"\n";
			showEnvVarsInLog = 0;
		};
		E9A14E70B0AF861FD12A0CC9 /* [CP] Copy Pods Resources */ = {
			isa = PBXShellScriptBuildPhase;
			buildActionMask = 2147483647;
			files = (
			);
			inputPaths = (
			);
			name = "[CP] Copy Pods Resources";
			outputPaths = (
			);
			runOnlyForDeploymentPostprocessing = 0;
			shellPath = /bin/sh;
			shellScript = "\"${SRCROOT}/Pods/Target Support Files/Pods-SweetTooth/Pods-SweetTooth-resources.sh\"\n";
			showEnvVarsInLog = 0;
		};
/* End PBXShellScriptBuildPhase section */

/* Begin PBXSourcesBuildPhase section */
		32C706441F1E63AD00A1C1B6 /* Sources */ = {
			isa = PBXSourcesBuildPhase;
			buildActionMask = 2147483647;
			files = (
				32C706781F1E8BC000A1C1B6 /* IceCreamDetailViewController.swift in Sources */,
				32C7066B1F1E853E00A1C1B6 /* IceCreamSelectorViewController.swift in Sources */,
				32C7067C1F1E8C8400A1C1B6 /* iceCreamStore.swift in Sources */,
				32C7064C1F1E63AD00A1C1B6 /* AppDelegate.swift in Sources */,
				32C7065E1F1E672900A1C1B6 /* main.swift in Sources */,
			);
			runOnlyForDeploymentPostprocessing = 0;
		};
/* End PBXSourcesBuildPhase section */

/* Begin XCBuildConfiguration section */
		32C706581F1E63AD00A1C1B6 /* Debug */ = {
			isa = XCBuildConfiguration;
			buildSettings = {
				ALWAYS_SEARCH_USER_PATHS = NO;
				CLANG_ANALYZER_NONNULL = YES;
				CLANG_ANALYZER_NUMBER_OBJECT_CONVERSION = YES_AGGRESSIVE;
				CLANG_CXX_LANGUAGE_STANDARD = "gnu++0x";
				CLANG_CXX_LIBRARY = "libc++";
				CLANG_ENABLE_MODULES = YES;
				CLANG_ENABLE_OBJC_ARC = YES;
				CLANG_WARN_BOOL_CONVERSION = YES;
				CLANG_WARN_CONSTANT_CONVERSION = YES;
				CLANG_WARN_DIRECT_OBJC_ISA_USAGE = YES_ERROR;
				CLANG_WARN_DOCUMENTATION_COMMENTS = YES;
				CLANG_WARN_EMPTY_BODY = YES;
				CLANG_WARN_ENUM_CONVERSION = YES;
				CLANG_WARN_INFINITE_RECURSION = YES;
				CLANG_WARN_INT_CONVERSION = YES;
				CLANG_WARN_OBJC_ROOT_CLASS = YES_ERROR;
				CLANG_WARN_SUSPICIOUS_MOVE = YES;
				CLANG_WARN_UNREACHABLE_CODE = YES;
				CLANG_WARN__DUPLICATE_METHOD_MATCH = YES;
				"CODE_SIGN_IDENTITY[sdk=iphoneos*]" = "iPhone Developer";
				COPY_PHASE_STRIP = NO;
				DEBUG_INFORMATION_FORMAT = dwarf;
				ENABLE_STRICT_OBJC_MSGSEND = YES;
				ENABLE_TESTABILITY = YES;
				GCC_C_LANGUAGE_STANDARD = gnu99;
				GCC_DYNAMIC_NO_PIC = NO;
				GCC_NO_COMMON_BLOCKS = YES;
				GCC_OPTIMIZATION_LEVEL = 0;
				GCC_PREPROCESSOR_DEFINITIONS = (
					"DEBUG=1",
					"$(inherited)",
				);
				GCC_WARN_64_TO_32_BIT_CONVERSION = YES;
				GCC_WARN_ABOUT_RETURN_TYPE = YES_ERROR;
				GCC_WARN_UNDECLARED_SELECTOR = YES;
				GCC_WARN_UNINITIALIZED_AUTOS = YES_AGGRESSIVE;
				GCC_WARN_UNUSED_FUNCTION = YES;
				GCC_WARN_UNUSED_VARIABLE = YES;
				IPHONEOS_DEPLOYMENT_TARGET = 10.3;
				MTL_ENABLE_DEBUG_INFO = YES;
				ONLY_ACTIVE_ARCH = YES;
				SDKROOT = iphoneos;
				SWIFT_ACTIVE_COMPILATION_CONDITIONS = DEBUG;
				SWIFT_OPTIMIZATION_LEVEL = "-Onone";
			};
			name = Debug;
		};
		32C706591F1E63AD00A1C1B6 /* Release */ = {
			isa = XCBuildConfiguration;
			buildSettings = {
				ALWAYS_SEARCH_USER_PATHS = NO;
				CLANG_ANALYZER_NONNULL = YES;
				CLANG_ANALYZER_NUMBER_OBJECT_CONVERSION = YES_AGGRESSIVE;
				CLANG_CXX_LANGUAGE_STANDARD = "gnu++0x";
				CLANG_CXX_LIBRARY = "libc++";
				CLANG_ENABLE_MODULES = YES;
				CLANG_ENABLE_OBJC_ARC = YES;
				CLANG_WARN_BOOL_CONVERSION = YES;
				CLANG_WARN_CONSTANT_CONVERSION = YES;
				CLANG_WARN_DIRECT_OBJC_ISA_USAGE = YES_ERROR;
				CLANG_WARN_DOCUMENTATION_COMMENTS = YES;
				CLANG_WARN_EMPTY_BODY = YES;
				CLANG_WARN_ENUM_CONVERSION = YES;
				CLANG_WARN_INFINITE_RECURSION = YES;
				CLANG_WARN_INT_CONVERSION = YES;
				CLANG_WARN_OBJC_ROOT_CLASS = YES_ERROR;
				CLANG_WARN_SUSPICIOUS_MOVE = YES;
				CLANG_WARN_UNREACHABLE_CODE = YES;
				CLANG_WARN__DUPLICATE_METHOD_MATCH = YES;
				"CODE_SIGN_IDENTITY[sdk=iphoneos*]" = "iPhone Developer";
				COPY_PHASE_STRIP = NO;
				DEBUG_INFORMATION_FORMAT = "dwarf-with-dsym";
				ENABLE_NS_ASSERTIONS = NO;
				ENABLE_STRICT_OBJC_MSGSEND = YES;
				GCC_C_LANGUAGE_STANDARD = gnu99;
				GCC_NO_COMMON_BLOCKS = YES;
				GCC_WARN_64_TO_32_BIT_CONVERSION = YES;
				GCC_WARN_ABOUT_RETURN_TYPE = YES_ERROR;
				GCC_WARN_UNDECLARED_SELECTOR = YES;
				GCC_WARN_UNINITIALIZED_AUTOS = YES_AGGRESSIVE;
				GCC_WARN_UNUSED_FUNCTION = YES;
				GCC_WARN_UNUSED_VARIABLE = YES;
				IPHONEOS_DEPLOYMENT_TARGET = 10.3;
				MTL_ENABLE_DEBUG_INFO = NO;
				SDKROOT = iphoneos;
				SWIFT_OPTIMIZATION_LEVEL = "-Owholemodule";
				VALIDATE_PRODUCT = YES;
			};
			name = Release;
		};
		32C7065B1F1E63AD00A1C1B6 /* Debug */ = {
			isa = XCBuildConfiguration;
			baseConfigurationReference = 56490869F3BB026329154FB3 /* Pods-SweetTooth.debug.xcconfig */;
			buildSettings = {
				ASSETCATALOG_COMPILER_APPICON_NAME = AppIcon;
				DEVELOPMENT_TEAM = HP5TNVW325;
				INFOPLIST_FILE = SweetTooth/Info.plist;
				LD_RUNPATH_SEARCH_PATHS = "$(inherited) @executable_path/Frameworks";
				PRODUCT_BUNDLE_IDENTIFIER = com.makeschool.SweetTooth;
				PRODUCT_NAME = "$(TARGET_NAME)";
				SWIFT_VERSION = 3.0;
			};
			name = Debug;
		};
		32C7065C1F1E63AD00A1C1B6 /* Release */ = {
			isa = XCBuildConfiguration;
			baseConfigurationReference = ED6BB0F2942023771CC3D88B /* Pods-SweetTooth.release.xcconfig */;
			buildSettings = {
				ASSETCATALOG_COMPILER_APPICON_NAME = AppIcon;
				DEVELOPMENT_TEAM = HP5TNVW325;
				INFOPLIST_FILE = SweetTooth/Info.plist;
				LD_RUNPATH_SEARCH_PATHS = "$(inherited) @executable_path/Frameworks";
				PRODUCT_BUNDLE_IDENTIFIER = com.makeschool.SweetTooth;
				PRODUCT_NAME = "$(TARGET_NAME)";
				SWIFT_VERSION = 3.0;
			};
			name = Release;
		};
/* End XCBuildConfiguration section */

/* Begin XCConfigurationList section */
		32C706431F1E63AD00A1C1B6 /* Build configuration list for PBXProject "SweetTooth" */ = {
			isa = XCConfigurationList;
			buildConfigurations = (
				32C706581F1E63AD00A1C1B6 /* Debug */,
				32C706591F1E63AD00A1C1B6 /* Release */,
			);
			defaultConfigurationIsVisible = 0;
			defaultConfigurationName = Release;
		};
		32C7065A1F1E63AD00A1C1B6 /* Build configuration list for PBXNativeTarget "SweetTooth" */ = {
			isa = XCConfigurationList;
			buildConfigurations = (
				32C7065B1F1E63AD00A1C1B6 /* Debug */,
				32C7065C1F1E63AD00A1C1B6 /* Release */,
			);
			defaultConfigurationIsVisible = 0;
			defaultConfigurationName = Release;
		};
/* End XCConfigurationList section */
	};
	rootObject = 32C706401F1E63AD00A1C1B6 /* Project object */;
}
